
Microsoft Visual Studio Solution File, Format Version 12.00
# Visual Studio Version 16
VisualStudioVersion = 16.0.29409.12
MinimumVisualStudioVersion = 10.0.40219.1
Project("{9A19103F-16F7-4668-BE54-9A1E7A4F7556}") = "01ThreadPool.Example", "01ThreadPool.Example\01ThreadPool.Example.csproj", "{55A420FF-7C7D-4952-953C-B61818DBAF54}"
EndProject
Project("{2150E333-8FDC-42A3-9474-1A3956D46DE8}") = "01ThreadPool", "01ThreadPool", "{FA0FCAA0-58C6-40BA-96C5-5B3468D92249}"
EndProject
Project("{9A19103F-16F7-4668-BE54-9A1E7A4F7556}") = "02ThreadPool.Example.BackVsFore", "02ThreadPool.Example\02ThreadPool.Example.BackVsFore.csproj", "{3542B25A-2CAB-41A8-B05E-1083B998637B}"
EndProject
Project("{9A19103F-16F7-4668-BE54-9A1E7A4F7556}") = "03ThreadPool.Example.IsThreadPoolThread", "03ThreadPool.Example\03ThreadPool.Example.IsThreadPoolThread.csproj", "{C6730B62-E90E-41B5-ABA0-93691D382EF0}"
EndProject
Project("{9A19103F-16F7-4668-BE54-9A1E7A4F7556}") = "04ThreadPool.Example.Control", "04ThreadPool.Example\04ThreadPool.Example.Control.csproj", "{EAB4B0C3-7DBD-41F2-9771-3FC7F08717B0}"
EndProject
Project("{2150E333-8FDC-42A3-9474-1A3956D46DE8}") = "02Task", "02Task", "{B513B507-75A6-4791-9D30-EBC6516EB431}"
EndProject
Project("{9A19103F-16F7-4668-BE54-9A1E7A4F7556}") = "01Task.Example.Creation", "01Task.Example.Creation\01Task.Example.Creation.csproj", "{FCA6B926-7B7E-4F36-851A-493606CBD4EA}"
EndProject
Project("{9A19103F-16F7-4668-BE54-9A1E7A4F7556}") = "02Task.Example.Wait", "02Task.Example.Wait\02Task.Example.Wait.csproj", "{3452C711-7F33-4BA5-A548-E61B7C7960BF}"
EndProject
Project("{9A19103F-16F7-4668-BE54-9A1E7A4F7556}") = "03Task.Example.Result", "03Task.Example.Result\03Task.Example.Result.csproj", "{E0B01E40-C73A-42EB-ACFA-0A40DB7BE771}"
EndProject
Project("{9A19103F-16F7-4668-BE54-9A1E7A4F7556}") = "04Task.Example.Status", "04Task.Example.Status\04Task.Example.Status.csproj", "{24A19E87-CA07-4982-BFCE-7A5F8606391C}"
EndProject
Project("{2150E333-8FDC-42A3-9474-1A3956D46DE8}") = "Cancellation", "Cancellation", "{F7C51CAD-5273-437C-8141-4BEF669906AE}"
EndProject
Project("{9A19103F-16F7-4668-BE54-9A1E7A4F7556}") = "01Cancellation.Example", "01Cancellation.Example\01Cancellation.Example.csproj", "{52A7315F-2F5F-4877-B105-C5CB442D5D0C}"
EndProject
Project("{9A19103F-16F7-4668-BE54-9A1E7A4F7556}") = "03Cancellation.Example.Linked", "03Cancellation.Example.Linked\03Cancellation.Example.Linked.csproj", "{137194C8-82FC-4363-83D7-00FCA90CC645}"
EndProject
Project("{9A19103F-16F7-4668-BE54-9A1E7A4F7556}") = "02Cancellation.Example.Register", "02Cancellation.Example.Register\02Cancellation.Example.Register.csproj", "{D6010385-3F51-4BB1-A3C9-96E79748BE2A}"
EndProject
Project("{9A19103F-16F7-4668-BE54-9A1E7A4F7556}") = "04Cancellation.Example.Task", "04Cancellation.Example.Task\04Cancellation.Example.Task.csproj", "{A27B580A-8FE1-464A-B3F9-3BD22B6CBABD}"
EndProject
Project("{2150E333-8FDC-42A3-9474-1A3956D46DE8}") = "Continuation", "Continuation", "{97D1477B-6B63-4858-B9C8-F1243E797333}"
EndProject
Project("{9A19103F-16F7-4668-BE54-9A1E7A4F7556}") = "01Continuation.Example.OnCompleted", "01Continuation.Example.OnCompleted\01Continuation.Example.OnCompleted.csproj", "{C62A661D-A060-42DD-A22C-08A4CA7F969A}"
EndProject
Project("{9A19103F-16F7-4668-BE54-9A1E7A4F7556}") = "02Continuation.Example.ContinueWith ​", "02Continuation.Example.ContinueWith ​\02Continuation.Example.ContinueWith ​.csproj", "{4BF8BB39-AA65-46C8-9FBD-0A146A2C3A02}"
EndProject
Project("{2150E333-8FDC-42A3-9474-1A3956D46DE8}") = "ChildTasks", "ChildTasks", "{0852D579-8B1F-450B-B3FD-91DFFA41FB30}"
EndProject
Project("{9A19103F-16F7-4668-BE54-9A1E7A4F7556}") = "01ChildTasks.Example", "01ChildTasks.Example\01ChildTasks.Example.csproj", "{2DABDA51-C82F-48E3-B372-FC7619089FDA}"
EndProject
Project("{2150E333-8FDC-42A3-9474-1A3956D46DE8}") = "TaskFactory", "TaskFactory", "{1F5C8203-6E1C-414F-ABAB-2D8696A3766B}"
EndProject
Project("{9A19103F-16F7-4668-BE54-9A1E7A4F7556}") = "01TaskFactoryExample", "01TaskFactoryExample\01TaskFactoryExample.csproj", "{327A9878-CFFA-4C46-A2A2-FCDF378BC594}"
EndProject
Project("{2150E333-8FDC-42A3-9474-1A3956D46DE8}") = "Exceptions", "Exceptions", "{4A03C15C-49E2-46F0-9662-4EF34D965F8D}"
EndProject
Project("{9A19103F-16F7-4668-BE54-9A1E7A4F7556}") = "01Exceptions.Example", "01Exceptions.Example\01Exceptions.Example.csproj", "{C47873EE-2E88-4E9F-82F2-A2CF6FDB50FF}"
EndProject
Project("{FAE04EC0-301F-11D3-BF4B-00C04F79EFBC}") = "02Exceptions.Example.Collection", "02Exceptions.Example.Collection\02Exceptions.Example.Collection.csproj", "{873ADB65-A0DD-477A-9CCF-635051C92301}"
EndProject
Project("{FAE04EC0-301F-11D3-BF4B-00C04F79EFBC}") = "03Exceptions.Example.Properties", "03Exceptions.Example.Properties\03Exceptions.Example.Properties.csproj", "{CD72AF45-C8A1-44B0-AA9B-D90993F4659B}"
EndProject
Project("{FAE04EC0-301F-11D3-BF4B-00C04F79EFBC}") = "04Exceptions.Example.UnobservedTaskException", "04Exceptions.Example.UnobservedTaskException\04Exceptions.Example.UnobservedTaskException.csproj", "{DE50D0A6-682D-4CCB-88B0-F31F264CB4C1}"
EndProject
Project("{FAE04EC0-301F-11D3-BF4B-00C04F79EFBC}") = "06Exceptions.Example.Flatten", "06Exceptions.Example.Flatten\06Exceptions.Example.Flatten.csproj", "{9C6C5235-308C-4889-87BB-B3518ADE997C}"
EndProject
Project("{FAE04EC0-301F-11D3-BF4B-00C04F79EFBC}") = "07Exceptions.Example.Handle", "07Exceptions.Example.Handle\07Exceptions.Example.Handle.csproj", "{780529EF-F00E-470A-A315-E5AC6F69FBF0}"
EndProject
Global
	GlobalSection(SolutionConfigurationPlatforms) = preSolution
		Debug|Any CPU = Debug|Any CPU
		Release|Any CPU = Release|Any CPU
	EndGlobalSection
	GlobalSection(ProjectConfigurationPlatforms) = postSolution
		{55A420FF-7C7D-4952-953C-B61818DBAF54}.Debug|Any CPU.ActiveCfg = Debug|Any CPU
		{55A420FF-7C7D-4952-953C-B61818DBAF54}.Debug|Any CPU.Build.0 = Debug|Any CPU
		{55A420FF-7C7D-4952-953C-B61818DBAF54}.Release|Any CPU.ActiveCfg = Release|Any CPU
		{55A420FF-7C7D-4952-953C-B61818DBAF54}.Release|Any CPU.Build.0 = Release|Any CPU
		{3542B25A-2CAB-41A8-B05E-1083B998637B}.Debug|Any CPU.ActiveCfg = Debug|Any CPU
		{3542B25A-2CAB-41A8-B05E-1083B998637B}.Debug|Any CPU.Build.0 = Debug|Any CPU
		{3542B25A-2CAB-41A8-B05E-1083B998637B}.Release|Any CPU.ActiveCfg = Release|Any CPU
		{3542B25A-2CAB-41A8-B05E-1083B998637B}.Release|Any CPU.Build.0 = Release|Any CPU
		{C6730B62-E90E-41B5-ABA0-93691D382EF0}.Debug|Any CPU.ActiveCfg = Debug|Any CPU
		{C6730B62-E90E-41B5-ABA0-93691D382EF0}.Debug|Any CPU.Build.0 = Debug|Any CPU
		{C6730B62-E90E-41B5-ABA0-93691D382EF0}.Release|Any CPU.ActiveCfg = Release|Any CPU
		{C6730B62-E90E-41B5-ABA0-93691D382EF0}.Release|Any CPU.Build.0 = Release|Any CPU
		{EAB4B0C3-7DBD-41F2-9771-3FC7F08717B0}.Debug|Any CPU.ActiveCfg = Debug|Any CPU
		{EAB4B0C3-7DBD-41F2-9771-3FC7F08717B0}.Debug|Any CPU.Build.0 = Debug|Any CPU
		{EAB4B0C3-7DBD-41F2-9771-3FC7F08717B0}.Release|Any CPU.ActiveCfg = Release|Any CPU
		{EAB4B0C3-7DBD-41F2-9771-3FC7F08717B0}.Release|Any CPU.Build.0 = Release|Any CPU
		{FCA6B926-7B7E-4F36-851A-493606CBD4EA}.Debug|Any CPU.ActiveCfg = Debug|Any CPU
		{FCA6B926-7B7E-4F36-851A-493606CBD4EA}.Debug|Any CPU.Build.0 = Debug|Any CPU
		{FCA6B926-7B7E-4F36-851A-493606CBD4EA}.Release|Any CPU.ActiveCfg = Release|Any CPU
		{FCA6B926-7B7E-4F36-851A-493606CBD4EA}.Release|Any CPU.Build.0 = Release|Any CPU
		{3452C711-7F33-4BA5-A548-E61B7C7960BF}.Debug|Any CPU.ActiveCfg = Debug|Any CPU
		{3452C711-7F33-4BA5-A548-E61B7C7960BF}.Debug|Any CPU.Build.0 = Debug|Any CPU
		{3452C711-7F33-4BA5-A548-E61B7C7960BF}.Release|Any CPU.ActiveCfg = Release|Any CPU
		{3452C711-7F33-4BA5-A548-E61B7C7960BF}.Release|Any CPU.Build.0 = Release|Any CPU
		{E0B01E40-C73A-42EB-ACFA-0A40DB7BE771}.Debug|Any CPU.ActiveCfg = Debug|Any CPU
		{E0B01E40-C73A-42EB-ACFA-0A40DB7BE771}.Debug|Any CPU.Build.0 = Debug|Any CPU
		{E0B01E40-C73A-42EB-ACFA-0A40DB7BE771}.Release|Any CPU.ActiveCfg = Release|Any CPU
		{E0B01E40-C73A-42EB-ACFA-0A40DB7BE771}.Release|Any CPU.Build.0 = Release|Any CPU
		{24A19E87-CA07-4982-BFCE-7A5F8606391C}.Debug|Any CPU.ActiveCfg = Debug|Any CPU
		{24A19E87-CA07-4982-BFCE-7A5F8606391C}.Debug|Any CPU.Build.0 = Debug|Any CPU
		{24A19E87-CA07-4982-BFCE-7A5F8606391C}.Release|Any CPU.ActiveCfg = Release|Any CPU
		{24A19E87-CA07-4982-BFCE-7A5F8606391C}.Release|Any CPU.Build.0 = Release|Any CPU
		{52A7315F-2F5F-4877-B105-C5CB442D5D0C}.Debug|Any CPU.ActiveCfg = Debug|Any CPU
		{52A7315F-2F5F-4877-B105-C5CB442D5D0C}.Debug|Any CPU.Build.0 = Debug|Any CPU
		{52A7315F-2F5F-4877-B105-C5CB442D5D0C}.Release|Any CPU.ActiveCfg = Release|Any CPU
		{52A7315F-2F5F-4877-B105-C5CB442D5D0C}.Release|Any CPU.Build.0 = Release|Any CPU
		{137194C8-82FC-4363-83D7-00FCA90CC645}.Debug|Any CPU.ActiveCfg = Debug|Any CPU
		{137194C8-82FC-4363-83D7-00FCA90CC645}.Debug|Any CPU.Build.0 = Debug|Any CPU
		{137194C8-82FC-4363-83D7-00FCA90CC645}.Release|Any CPU.ActiveCfg = Release|Any CPU
		{137194C8-82FC-4363-83D7-00FCA90CC645}.Release|Any CPU.Build.0 = Release|Any CPU
		{D6010385-3F51-4BB1-A3C9-96E79748BE2A}.Debug|Any CPU.ActiveCfg = Debug|Any CPU
		{D6010385-3F51-4BB1-A3C9-96E79748BE2A}.Debug|Any CPU.Build.0 = Debug|Any CPU
		{D6010385-3F51-4BB1-A3C9-96E79748BE2A}.Release|Any CPU.ActiveCfg = Release|Any CPU
		{D6010385-3F51-4BB1-A3C9-96E79748BE2A}.Release|Any CPU.Build.0 = Release|Any CPU
		{A27B580A-8FE1-464A-B3F9-3BD22B6CBABD}.Debug|Any CPU.ActiveCfg = Debug|Any CPU
		{A27B580A-8FE1-464A-B3F9-3BD22B6CBABD}.Debug|Any CPU.Build.0 = Debug|Any CPU
		{A27B580A-8FE1-464A-B3F9-3BD22B6CBABD}.Release|Any CPU.ActiveCfg = Release|Any CPU
		{A27B580A-8FE1-464A-B3F9-3BD22B6CBABD}.Release|Any CPU.Build.0 = Release|Any CPU
		{C62A661D-A060-42DD-A22C-08A4CA7F969A}.Debug|Any CPU.ActiveCfg = Debug|Any CPU
		{C62A661D-A060-42DD-A22C-08A4CA7F969A}.Debug|Any CPU.Build.0 = Debug|Any CPU
		{C62A661D-A060-42DD-A22C-08A4CA7F969A}.Release|Any CPU.ActiveCfg = Release|Any CPU
		{C62A661D-A060-42DD-A22C-08A4CA7F969A}.Release|Any CPU.Build.0 = Release|Any CPU
		{4BF8BB39-AA65-46C8-9FBD-0A146A2C3A02}.Debug|Any CPU.ActiveCfg = Debug|Any CPU
		{4BF8BB39-AA65-46C8-9FBD-0A146A2C3A02}.Debug|Any CPU.Build.0 = Debug|Any CPU
		{4BF8BB39-AA65-46C8-9FBD-0A146A2C3A02}.Release|Any CPU.ActiveCfg = Release|Any CPU
		{4BF8BB39-AA65-46C8-9FBD-0A146A2C3A02}.Release|Any CPU.Build.0 = Release|Any CPU
		{2DABDA51-C82F-48E3-B372-FC7619089FDA}.Debug|Any CPU.ActiveCfg = Debug|Any CPU
		{2DABDA51-C82F-48E3-B372-FC7619089FDA}.Debug|Any CPU.Build.0 = Debug|Any CPU
		{2DABDA51-C82F-48E3-B372-FC7619089FDA}.Release|Any CPU.ActiveCfg = Release|Any CPU
		{2DABDA51-C82F-48E3-B372-FC7619089FDA}.Release|Any CPU.Build.0 = Release|Any CPU
		{327A9878-CFFA-4C46-A2A2-FCDF378BC594}.Debug|Any CPU.ActiveCfg = Debug|Any CPU
		{327A9878-CFFA-4C46-A2A2-FCDF378BC594}.Debug|Any CPU.Build.0 = Debug|Any CPU
		{327A9878-CFFA-4C46-A2A2-FCDF378BC594}.Release|Any CPU.ActiveCfg = Release|Any CPU
		{327A9878-CFFA-4C46-A2A2-FCDF378BC594}.Release|Any CPU.Build.0 = Release|Any CPU
		{C47873EE-2E88-4E9F-82F2-A2CF6FDB50FF}.Debug|Any CPU.ActiveCfg = Debug|Any CPU
		{C47873EE-2E88-4E9F-82F2-A2CF6FDB50FF}.Debug|Any CPU.Build.0 = Debug|Any CPU
		{C47873EE-2E88-4E9F-82F2-A2CF6FDB50FF}.Release|Any CPU.ActiveCfg = Release|Any CPU
		{C47873EE-2E88-4E9F-82F2-A2CF6FDB50FF}.Release|Any CPU.Build.0 = Release|Any CPU
		{873ADB65-A0DD-477A-9CCF-635051C92301}.Debug|Any CPU.ActiveCfg = Debug|Any CPU
		{873ADB65-A0DD-477A-9CCF-635051C92301}.Debug|Any CPU.Build.0 = Debug|Any CPU
		{873ADB65-A0DD-477A-9CCF-635051C92301}.Release|Any CPU.ActiveCfg = Release|Any CPU
		{873ADB65-A0DD-477A-9CCF-635051C92301}.Release|Any CPU.Build.0 = Release|Any CPU
		{CD72AF45-C8A1-44B0-AA9B-D90993F4659B}.Debug|Any CPU.ActiveCfg = Debug|Any CPU
		{CD72AF45-C8A1-44B0-AA9B-D90993F4659B}.Debug|Any CPU.Build.0 = Debug|Any CPU
		{CD72AF45-C8A1-44B0-AA9B-D90993F4659B}.Release|Any CPU.ActiveCfg = Release|Any CPU
		{CD72AF45-C8A1-44B0-AA9B-D90993F4659B}.Release|Any CPU.Build.0 = Release|Any CPU
		{DE50D0A6-682D-4CCB-88B0-F31F264CB4C1}.Debug|Any CPU.ActiveCfg = Debug|Any CPU
		{DE50D0A6-682D-4CCB-88B0-F31F264CB4C1}.Debug|Any CPU.Build.0 = Debug|Any CPU
		{DE50D0A6-682D-4CCB-88B0-F31F264CB4C1}.Release|Any CPU.ActiveCfg = Release|Any CPU
		{DE50D0A6-682D-4CCB-88B0-F31F264CB4C1}.Release|Any CPU.Build.0 = Release|Any CPU
		{9C6C5235-308C-4889-87BB-B3518ADE997C}.Debug|Any CPU.ActiveCfg = Debug|Any CPU
		{9C6C5235-308C-4889-87BB-B3518ADE997C}.Debug|Any CPU.Build.0 = Debug|Any CPU
		{9C6C5235-308C-4889-87BB-B3518ADE997C}.Release|Any CPU.ActiveCfg = Release|Any CPU
		{9C6C5235-308C-4889-87BB-B3518ADE997C}.Release|Any CPU.Build.0 = Release|Any CPU
		{780529EF-F00E-470A-A315-E5AC6F69FBF0}.Debug|Any CPU.ActiveCfg = Debug|Any CPU
		{780529EF-F00E-470A-A315-E5AC6F69FBF0}.Debug|Any CPU.Build.0 = Debug|Any CPU
		{780529EF-F00E-470A-A315-E5AC6F69FBF0}.Release|Any CPU.ActiveCfg = Release|Any CPU
		{780529EF-F00E-470A-A315-E5AC6F69FBF0}.Release|Any CPU.Build.0 = Release|Any CPU
	EndGlobalSection
	GlobalSection(SolutionProperties) = preSolution
		HideSolutionNode = FALSE
	EndGlobalSection
	GlobalSection(NestedProjects) = preSolution
		{55A420FF-7C7D-4952-953C-B61818DBAF54} = {FA0FCAA0-58C6-40BA-96C5-5B3468D92249}
		{3542B25A-2CAB-41A8-B05E-1083B998637B} = {FA0FCAA0-58C6-40BA-96C5-5B3468D92249}
		{C6730B62-E90E-41B5-ABA0-93691D382EF0} = {FA0FCAA0-58C6-40BA-96C5-5B3468D92249}
		{EAB4B0C3-7DBD-41F2-9771-3FC7F08717B0} = {FA0FCAA0-58C6-40BA-96C5-5B3468D92249}
		{FCA6B926-7B7E-4F36-851A-493606CBD4EA} = {B513B507-75A6-4791-9D30-EBC6516EB431}
		{3452C711-7F33-4BA5-A548-E61B7C7960BF} = {B513B507-75A6-4791-9D30-EBC6516EB431}
		{E0B01E40-C73A-42EB-ACFA-0A40DB7BE771} = {B513B507-75A6-4791-9D30-EBC6516EB431}
		{24A19E87-CA07-4982-BFCE-7A5F8606391C} = {B513B507-75A6-4791-9D30-EBC6516EB431}
		{52A7315F-2F5F-4877-B105-C5CB442D5D0C} = {F7C51CAD-5273-437C-8141-4BEF669906AE}
		{137194C8-82FC-4363-83D7-00FCA90CC645} = {F7C51CAD-5273-437C-8141-4BEF669906AE}
		{D6010385-3F51-4BB1-A3C9-96E79748BE2A} = {F7C51CAD-5273-437C-8141-4BEF669906AE}
		{A27B580A-8FE1-464A-B3F9-3BD22B6CBABD} = {F7C51CAD-5273-437C-8141-4BEF669906AE}
		{C62A661D-A060-42DD-A22C-08A4CA7F969A} = {97D1477B-6B63-4858-B9C8-F1243E797333}
		{4BF8BB39-AA65-46C8-9FBD-0A146A2C3A02} = {97D1477B-6B63-4858-B9C8-F1243E797333}
		{2DABDA51-C82F-48E3-B372-FC7619089FDA} = {0852D579-8B1F-450B-B3FD-91DFFA41FB30}
		{327A9878-CFFA-4C46-A2A2-FCDF378BC594} = {1F5C8203-6E1C-414F-ABAB-2D8696A3766B}
		{C47873EE-2E88-4E9F-82F2-A2CF6FDB50FF} = {4A03C15C-49E2-46F0-9662-4EF34D965F8D}
		{873ADB65-A0DD-477A-9CCF-635051C92301} = {4A03C15C-49E2-46F0-9662-4EF34D965F8D}
		{CD72AF45-C8A1-44B0-AA9B-D90993F4659B} = {4A03C15C-49E2-46F0-9662-4EF34D965F8D}
		{DE50D0A6-682D-4CCB-88B0-F31F264CB4C1} = {4A03C15C-49E2-46F0-9662-4EF34D965F8D}
		{9C6C5235-308C-4889-87BB-B3518ADE997C} = {4A03C15C-49E2-46F0-9662-4EF34D965F8D}
		{780529EF-F00E-470A-A315-E5AC6F69FBF0} = {4A03C15C-49E2-46F0-9662-4EF34D965F8D}
	EndGlobalSection
	GlobalSection(ExtensibilityGlobals) = postSolution
		SolutionGuid = {E57EC366-B347-4EB1-A4AA-37871DA19E10}
	EndGlobalSection
EndGlobal
